// !$*UTF8*$!
{
	archiveVersion = 1;
	classes = {
	};
	objectVersion = 46;
	objects = {

/* Begin PBXBuildFile section */
		87170DD719E44ECB00B05165 /* main.m in Sources */ = {isa = PBXBuildFile; fileRef = 87170DD619E44ECB00B05165 /* main.m */; };
		87170DDA19E44ECB00B05165 /* AppDelegate.m in Sources */ = {isa = PBXBuildFile; fileRef = 87170DD919E44ECB00B05165 /* AppDelegate.m */; };
		87170DDD19E44ECB00B05165 /* ViewController.m in Sources */ = {isa = PBXBuildFile; fileRef = 87170DDC19E44ECB00B05165 /* ViewController.m */; };
		87170DE019E44ECB00B05165 /* Main.storyboard in Resources */ = {isa = PBXBuildFile; fileRef = 87170DDE19E44ECB00B05165 /* Main.storyboard */; };
		87170DE219E44ECB00B05165 /* Images.xcassets in Resources */ = {isa = PBXBuildFile; fileRef = 87170DE119E44ECB00B05165 /* Images.xcassets */; };
		87170DE519E44ECB00B05165 /* LaunchScreen.xib in Resources */ = {isa = PBXBuildFile; fileRef = 87170DE319E44ECB00B05165 /* LaunchScreen.xib */; };
		87170DF119E44ECB00B05165 /* Active_PlayerTests.m in Sources */ = {isa = PBXBuildFile; fileRef = 87170DF019E44ECB00B05165 /* Active_PlayerTests.m */; };
/* End PBXBuildFile section */

/* Begin PBXContainerItemProxy section */
		87170DEB19E44ECB00B05165 /* PBXContainerItemProxy */ = {
			isa = PBXContainerItemProxy;
			containerPortal = 87170DC919E44ECB00B05165 /* Project object */;
			proxyType = 1;
			remoteGlobalIDString = 87170DD019E44ECB00B05165;
			remoteInfo = "Active Player";
		};
/* End PBXContainerItemProxy section */

/* Begin PBXFileReference section */
		87170DD119E44ECB00B05165 /* Active Player.app */ = {isa = PBXFileReference; explicitFileType = wrapper.application; includeInIndex = 0; path = "Active Player.app"; sourceTree = BUILT_PRODUCTS_DIR; };
		87170DD519E44ECB00B05165 /* Info.plist */ = {isa = PBXFileReference; lastKnownFileType = text.plist.xml; path = Info.plist; sourceTree = "<group>"; };
		87170DD619E44ECB00B05165 /* main.m */ = {isa = PBXFileReference; lastKnownFileType = sourcecode.c.objc; path = main.m; sourceTree = "<group>"; };
		87170DD819E44ECB00B05165 /* AppDelegate.h */ = {isa = PBXFileReference; lastKnownFileType = sourcecode.c.h; path = AppDelegate.h; sourceTree = "<group>"; };
		87170DD919E44ECB00B05165 /* AppDelegate.m */ = {isa = PBXFileReference; lastKnownFileType = sourcecode.c.objc; path = AppDelegate.m; sourceTree = "<group>"; };
		87170DDB19E44ECB00B05165 /* ViewController.h */ = {isa = PBXFileReference; lastKnownFileType = sourcecode.c.h; path = ViewController.h; sourceTree = "<group>"; };
		87170DDC19E44ECB00B05165 /* ViewController.m */ = {isa = PBXFileReference; lastKnownFileType = sourcecode.c.objc; path = ViewController.m; sourceTree = "<group>"; };
		87170DDF19E44ECB00B05165 /* Base */ = {isa = PBXFileReference; lastKnownFileType = file.storyboard; name = Base; path = Base.lproj/Main.storyboard; sourceTree = "<group>"; };
		87170DE119E44ECB00B05165 /* Images.xcassets */ = {isa = PBXFileReference; lastKnownFileType = folder.assetcatalog; path = Images.xcassets; sourceTree = "<group>"; };
		87170DE419E44ECB00B05165 /* Base */ = {isa = PBXFileReference; lastKnownFileType = file.xib; name = Base; path = Base.lproj/LaunchScreen.xib; sourceTree = "<group>"; };
		87170DEA19E44ECB00B05165 /* Active PlayerTests.xctest */ = {isa = PBXFileReference; explicitFileType = wrapper.cfbundle; includeInIndex = 0; path = "Active PlayerTests.xctest"; sourceTree = BUILT_PRODUCTS_DIR; };
		87170DEF19E44ECB00B05165 /* Info.plist */ = {isa = PBXFileReference; lastKnownFileType = text.plist.xml; path = Info.plist; sourceTree = "<group>"; };
		87170DF019E44ECB00B05165 /* Active_PlayerTests.m */ = {isa = PBXFileReference; lastKnownFileType = sourcecode.c.objc; path = Active_PlayerTests.m; sourceTree = "<group>"; };
/* End PBXFileReference section */

/* Begin PBXFrameworksBuildPhase section */
		87170DCE19E44ECB00B05165 /* Frameworks */ = {
			isa = PBXFrameworksBuildPhase;
			buildActionMask = 2147483647;
			files = (
			);
			runOnlyForDeploymentPostprocessing = 0;
		};
		87170DE719E44ECB00B05165 /* Frameworks */ = {
			isa = PBXFrameworksBuildPhase;
			buildActionMask = 2147483647;
			files = (
			);
			runOnlyForDeploymentPostprocessing = 0;
		};
/* End PBXFrameworksBuildPhase section */

/* Begin PBXGroup section */
		87170DC819E44ECB00B05165 = {
			isa = PBXGroup;
			children = (
				87170DD319E44ECB00B05165 /* Active Player */,
				87170DED19E44ECB00B05165 /* Active PlayerTests */,
				87170DD219E44ECB00B05165 /* Products */,
			);
			sourceTree = "<group>";
		};
		87170DD219E44ECB00B05165 /* Products */ = {
			isa = PBXGroup;
			children = (
				87170DD119E44ECB00B05165 /* Active Player.app */,
				87170DEA19E44ECB00B05165 /* Active PlayerTests.xctest */,
			);
			name = Products;
			sourceTree = "<group>";
		};
		87170DD319E44ECB00B05165 /* Active Player */ = {
			isa = PBXGroup;
			children = (
				87170DD819E44ECB00B05165 /* AppDelegate.h */,
				87170DD919E44ECB00B05165 /* AppDelegate.m */,
				87170DDB19E44ECB00B05165 /* ViewController.h */,
				87170DDC19E44ECB00B05165 /* ViewController.m */,
				87170DDE19E44ECB00B05165 /* Main.storyboard */,
				87170DE119E44ECB00B05165 /* Images.xcassets */,
				87170DE319E44ECB00B05165 /* LaunchScreen.xib */,
				87170DD419E44ECB00B05165 /* Supporting Files */,
			);
			path = "Active Player";
			sourceTree = "<group>";
		};
		87170DD419E44ECB00B05165 /* Supporting Files */ = {
			isa = PBXGroup;
			children = (
				87170DD519E44ECB00B05165 /* Info.plist */,
				87170DD619E44ECB00B05165 /* main.m */,
			);
			name = "Supporting Files";
			sourceTree = "<group>";
		};
		87170DED19E44ECB00B05165 /* Active PlayerTests */ = {
			isa = PBXGroup;
			children = (
				87170DF019E44ECB00B05165 /* Active_PlayerTests.m */,
				87170DEE19E44ECB00B05165 /* Supporting Files */,
			);
			path = "Active PlayerTests";
			sourceTree = "<group>";
		};
		87170DEE19E44ECB00B05165 /* Supporting Files */ = {
			isa = PBXGroup;
			children = (
				87170DEF19E44ECB00B05165 /* Info.plist */,
			);
			name = "Supporting Files";
			sourceTree = "<group>";
		};
/* End PBXGroup section */

/* Begin PBXNativeTarget section */
		87170DD019E44ECB00B05165 /* Active Player */ = {
			isa = PBXNativeTarget;
			buildConfigurationList = 87170DF419E44ECB00B05165 /* Build configuration list for PBXNativeTarget "Active Player" */;
			buildPhases = (
				87170DCD19E44ECB00B05165 /* Sources */,
				87170DCE19E44ECB00B05165 /* Frameworks */,
				87170DCF19E44ECB00B05165 /* Resources */,
			);
			buildRules = (
			);
			dependencies = (
			);
			name = "Active Player";
			productName = "Active Player";
			productReference = 87170DD119E44ECB00B05165 /* Active Player.app */;
			productType = "com.apple.product-type.application";
		};
		87170DE919E44ECB00B05165 /* Active PlayerTests */ = {
			isa = PBXNativeTarget;
			buildConfigurationList = 87170DF719E44ECB00B05165 /* Build configuration list for PBXNativeTarget "Active PlayerTests" */;
			buildPhases = (
				87170DE619E44ECB00B05165 /* Sources */,
				87170DE719E44ECB00B05165 /* Frameworks */,
				87170DE819E44ECB00B05165 /* Resources */,
			);
			buildRules = (
			);
			dependencies = (
				87170DEC19E44ECB00B05165 /* PBXTargetDependency */,
			);
			name = "Active PlayerTests";
			productName = "Active PlayerTests";
			productReference = 87170DEA19E44ECB00B05165 /* Active PlayerTests.xctest */;
			productType = "com.apple.product-type.bundle.unit-test";
		};
/* End PBXNativeTarget section */

/* Begin PBXProject section */
		87170DC919E44ECB00B05165 /* Project object */ = {
			isa = PBXProject;
			attributes = {
				LastUpgradeCheck = 0600;
				ORGANIZATIONNAME = "Alex King";
				TargetAttributes = {
					87170DD019E44ECB00B05165 = {
						CreatedOnToolsVersion = 6.0.1;
						SystemCapabilities = {
							com.apple.BackgroundModes = {
								enabled = 1;
							};
						};
					};
					87170DE919E44ECB00B05165 = {
						CreatedOnToolsVersion = 6.0.1;
						TestTargetID = 87170DD019E44ECB00B05165;
					};
				};
			};
			buildConfigurationList = 87170DCC19E44ECB00B05165 /* Build configuration list for PBXProject "Active Player" */;
			compatibilityVersion = "Xcode 3.2";
			developmentRegion = English;
			hasScannedForEncodings = 0;
			knownRegions = (
				en,
				Base,
			);
			mainGroup = 87170DC819E44ECB00B05165;
			productRefGroup = 87170DD219E44ECB00B05165 /* Products */;
			projectDirPath = "";
			projectRoot = "";
			targets = (
				87170DD019E44ECB00B05165 /* Active Player */,
				87170DE919E44ECB00B05165 /* Active PlayerTests */,
			);
		};
/* End PBXProject section */

/* Begin PBXResourcesBuildPhase section */
		87170DCF19E44ECB00B05165 /* Resources */ = {
			isa = PBXResourcesBuildPhase;
			buildActionMask = 2147483647;
			files = (
				87170DE019E44ECB00B05165 /* Main.storyboard in Resources */,
				87170DE519E44ECB00B05165 /* LaunchScreen.xib in Resources */,
				87170DE219E44ECB00B05165 /* Images.xcassets in Resources */,
			);
			runOnlyForDeploymentPostprocessing = 0;
		};
		87170DE819E44ECB00B05165 /* Resources */ = {
			isa = PBXResourcesBuildPhase;
			buildActionMask = 2147483647;
			files = (
			);
			runOnlyForDeploymentPostprocessing = 0;
		};
/* End PBXResourcesBuildPhase section */

/* Begin PBXSourcesBuildPhase section */
		87170DCD19E44ECB00B05165 /* Sources */ = {
			isa = PBXSourcesBuildPhase;
			buildActionMask = 2147483647;
			files = (
				87170DDD19E44ECB00B05165 /* ViewController.m in Sources */,
				87170DDA19E44ECB00B05165 /* AppDelegate.m in Sources */,
				87170DD719E44ECB00B05165 /* main.m in Sources */,
			);
			runOnlyForDeploymentPostprocessing = 0;
		};
		87170DE619E44ECB00B05165 /* Sources */ = {
			isa = PBXSourcesBuildPhase;
			buildActionMask = 2147483647;
			files = (
				87170DF119E44ECB00B05165 /* Active_PlayerTests.m in Sources */,
			);
			runOnlyForDeploymentPostprocessing = 0;
		};
/* End PBXSourcesBuildPhase section */

/* Begin PBXTargetDependency section */
		87170DEC19E44ECB00B05165 /* PBXTargetDependency */ = {
			isa = PBXTargetDependency;
			target = 87170DD019E44ECB00B05165 /* Active Player */;
			targetProxy = 87170DEB19E44ECB00B05165 /* PBXContainerItemProxy */;
		};
/* End PBXTargetDependency section */

/* Begin PBXVariantGroup section */
		87170DDE19E44ECB00B05165 /* Main.storyboard */ = {
			isa = PBXVariantGroup;
			children = (
				87170DDF19E44ECB00B05165 /* Base */,
			);
			name = Main.storyboard;
			sourceTree = "<group>";
		};
		87170DE319E44ECB00B05165 /* LaunchScreen.xib */ = {
			isa = PBXVariantGroup;
			children = (
				87170DE419E44ECB00B05165 /* Base */,
			);
			name = LaunchScreen.xib;
			sourceTree = "<group>";
		};
/* End PBXVariantGroup section */

/* Begin XCBuildConfiguration section */
		87170DF219E44ECB00B05165 /* Debug */ = {
			isa = XCBuildConfiguration;
			buildSettings = {
				ALWAYS_SEARCH_USER_PATHS = NO;
				CLANG_CXX_LANGUAGE_STANDARD = "gnu++0x";
				CLANG_CXX_LIBRARY = "libc++";
				CLANG_ENABLE_MODULES = YES;
				CLANG_ENABLE_OBJC_ARC = YES;
				CLANG_WARN_BOOL_CONVERSION = YES;
				CLANG_WARN_CONSTANT_CONVERSION = YES;
				CLANG_WARN_DIRECT_OBJC_ISA_USAGE = YES_ERROR;
				CLANG_WARN_EMPTY_BODY = YES;
				CLANG_WARN_ENUM_CONVERSION = YES;
				CLANG_WARN_INT_CONVERSION = YES;
				CLANG_WARN_OBJC_ROOT_CLASS = YES_ERROR;
				CLANG_WARN_UNREACHABLE_CODE = YES;
				CLANG_WARN__DUPLICATE_METHOD_MATCH = YES;
				"CODE_SIGN_IDENTITY[sdk=iphoneos*]" = "iPhone Developer";
				COPY_PHASE_STRIP = NO;
				ENABLE_STRICT_OBJC_MSGSEND = YES;
				GCC_C_LANGUAGE_STANDARD = gnu99;
				GCC_DYNAMIC_NO_PIC = NO;
				GCC_OPTIMIZATION_LEVEL = 0;
				GCC_PREPROCESSOR_DEFINITIONS = (
					"DEBUG=1",
					"$(inherited)",
				);
				GCC_SYMBOLS_PRIVATE_EXTERN = NO;
				GCC_WARN_64_TO_32_BIT_CONVERSION = YES;
				GCC_WARN_ABOUT_RETURN_TYPE = YES_ERROR;
				GCC_WARN_UNDECLARED_SELECTOR = YES;
				GCC_WARN_UNINITIALIZED_AUTOS = YES_AGGRESSIVE;
				GCC_WARN_UNUSED_FUNCTION = YES;
				GCC_WARN_UNUSED_VARIABLE = YES;
				IPHONEOS_DEPLOYMENT_TARGET = 8.0;
				MTL_ENABLE_DEBUG_INFO = YES;
				ONLY_ACTIVE_ARCH = YES;
				SDKROOT = iphoneos;
				TARGETED_DEVICE_FAMILY = "1,2";
			};
			name = Debug;
		};
		87170DF319E44ECB00B05165 /* Release */ = {
			isa = XCBuildConfiguration;
			buildSettings = {
				ALWAYS_SEARCH_USER_PATHS = NO;
				CLANG_CXX_LANGUAGE_STANDARD = "gnu++0x";
				CLANG_CXX_LIBRARY = "libc++";
				CLANG_ENABLE_MODULES = YES;
				CLANG_ENABLE_OBJC_ARC = YES;
				CLANG_WARN_BOOL_CONVERSION = YES;
				CLANG_WARN_CONSTANT_CONVERSION = YES;
				CLANG_WARN_DIRECT_OBJC_ISA_USAGE = YES_ERROR;
				CLANG_WARN_EMPTY_BODY = YES;
				CLANG_WARN_ENUM_CONVERSION = YES;
				CLANG_WARN_INT_CONVERSION = YES;
				CLANG_WARN_OBJC_ROOT_CLASS = YES_ERROR;
				CLANG_WARN_UNREACHABLE_CODE = YES;
				CLANG_WARN__DUPLICATE_METHOD_MATCH = YES;
				"CODE_SIGN_IDENTITY[sdk=iphoneos*]" = "iPhone Developer";
				COPY_PHASE_STRIP = YES;
				ENABLE_NS_ASSERTIONS = NO;
				ENABLE_STRICT_OBJC_MSGSEND = YES;
				GCC_C_LANGUAGE_STANDARD = gnu99;
				GCC_WARN_64_TO_32_BIT_CONVERSION = YES;
				GCC_WARN_ABOUT_RETURN_TYPE = YES_ERROR;
				GCC_WARN_UNDECLARED_SELECTOR = YES;
				GCC_WARN_UNINITIALIZED_AUTOS = YES_AGGRESSIVE;
				GCC_WARN_UNUSED_FUNCTION = YES;
				GCC_WARN_UNUSED_VARIABLE = YES;
				IPHONEOS_DEPLOYMENT_TARGET = 8.0;
				MTL_ENABLE_DEBUG_INFO = NO;
				SDKROOT = iphoneos;
				TARGETED_DEVICE_FAMILY = "1,2";
				VALIDATE_PRODUCT = YES;
			};
			name = Release;
		};
		87170DF519E44ECB00B05165 /* Debug */ = {
			isa = XCBuildConfiguration;
			buildSettings = {
				ASSETCATALOG_COMPILER_APPICON_NAME = AppIcon;
				INFOPLIST_FILE = "Active Player/Info.plist";
				IPHONEOS_DEPLOYMENT_TARGET = 7.0;
				LD_RUNPATH_SEARCH_PATHS = "$(inherited) @executable_path/Frameworks";
				PRODUCT_NAME = "$(TARGET_NAME)";
			};
			name = Debug;
		};
		87170DF619E44ECB00B05165 /* Release */ = {
			isa = XCBuildConfiguration;
			buildSettings = {
				ASSETCATALOG_COMPILER_APPICON_NAME = AppIcon;
				INFOPLIST_FILE = "Active Player/Info.plist";
				IPHONEOS_DEPLOYMENT_TARGET = 7.0;
				LD_RUNPATH_SEARCH_PATHS = "$(inherited) @executable_path/Frameworks";
				PRODUCT_NAME = "$(TARGET_NAME)";
			};
			name = Release;
		};
		87170DF819E44ECB00B05165 /* Debug */ = {
			isa = XCBuildConfiguration;
			buildSettings = {
				BUNDLE_LOADER = "$(TEST_HOST)";
				FRAMEWORK_SEARCH_PATHS = (
					"$(SDKROOT)/Developer/Library/Frameworks",
					"$(inherited)",
				);
				GCC_PREPROCESSOR_DEFINITIONS = (
					"DEBUG=1",
					"$(inherited)",
				);
				INFOPLIST_FILE = "Active PlayerTests/Info.plist";
				LD_RUNPATH_SEARCH_PATHS = "$(inherited) @executable_path/Frameworks @loader_path/Frameworks";
				PRODUCT_NAME = "$(TARGET_NAME)";
				TEST_HOST = "$(BUILT_PRODUCTS_DIR)/Active Player.app/Active Player";
			};
			name = Debug;
		};
		87170DF919E44ECB00B05165 /* Release */ = {
			isa = XCBuildConfiguration;
			buildSettings = {
				BUNDLE_LOADER = "$(TEST_HOST)";
				FRAMEWORK_SEARCH_PATHS = (
					"$(SDKROOT)/Developer/Library/Frameworks",
					"$(inherited)",
				);
				INFOPLIST_FILE = "Active PlayerTests/Info.plist";
				LD_RUNPATH_SEARCH_PATHS = "$(inherited) @executable_path/Frameworks @loader_path/Frameworks";
				PRODUCT_NAME = "$(TARGET_NAME)";
				TEST_HOST = "$(BUILT_PRODUCTS_DIR)/Active Player.app/Active Player";
			};
			name = Release;
		};
/* End XCBuildConfiguration section */

/* Begin XCConfigurationList section */
		87170DCC19E44ECB00B05165 /* Build configuration list for PBXProject "Active Player" */ = {
			isa = XCConfigurationList;
			buildConfigurations = (
				87170DF219E44ECB00B05165 /* Debug */,
				87170DF319E44ECB00B05165 /* Release */,
			);
			defaultConfigurationIsVisible = 0;
			defaultConfigurationName = Release;
		};
		87170DF419E44ECB00B05165 /* Build configuration list for PBXNativeTarget "Active Player" */ = {
			isa = XCConfigurationList;
			buildConfigurations = (
				87170DF519E44ECB00B05165 /* Debug */,
				87170DF619E44ECB00B05165 /* Release */,
			);
			defaultConfigurationIsVisible = 0;
			defaultConfigurationName = Release;
		};
		87170DF719E44ECB00B05165 /* Build configuration list for PBXNativeTarget "Active PlayerTests" */ = {
			isa = XCConfigurationList;
			buildConfigurations = (
				87170DF819E44ECB00B05165 /* Debug */,
				87170DF919E44ECB00B05165 /* Release */,
			);
			defaultConfigurationIsVisible = 0;
			defaultConfigurationName = Release;
		};
/* End XCConfigurationList section */
	};
	rootObject = 87170DC919E44ECB00B05165 /* Project object */;
}
